
Microsoft Visual Studio Solution File, Format Version 12.00
# Visual Studio 15
VisualStudioVersion = 15.0.28010.2003
MinimumVisualStudioVersion = 10.0.40219.1
Project("{9A19103F-16F7-4668-BE54-9A1E7A4F7556}") = "ExploreCalifornia", "ExploreCalifornia\ExploreCalifornia.csproj", "{318658FD-F5AF-4DCD-9936-B761D753FBD0}"
EndProject
Global
	GlobalSection(SolutionConfigurationPlatforms) = preSolution
		Debug|Any CPU = Debug|Any CPU
		Release|Any CPU = Release|Any CPU
	EndGlobalSection
	GlobalSection(ProjectConfigurationPlatforms) = postSolution
		{318658FD-F5AF-4DCD-9936-B761D753FBD0}.Debug|Any CPU.ActiveCfg = Debug|Any CPU
		{318658FD-F5AF-4DCD-9936-B761D753FBD0}.Debug|Any CPU.Build.0 = Debug|Any CPU
		{318658FD-F5AF-4DCD-9936-B761D753FBD0}.Release|Any CPU.ActiveCfg = Release|Any CPU
		{318658FD-F5AF-4DCD-9936-B761D753FBD0}.Release|Any CPU.Build.0 = Release|Any CPU
	EndGlobalSection
	GlobalSection(SolutionProperties) = preSolution
		HideSolutionNode = FALSE
	EndGlobalSection
	GlobalSection(ExtensibilityGlobals) = postSolution
		SolutionGuid = {C7B06E32-D390-4454-A91F-B68E5F5EBC87}
	EndGlobalSection
EndGlobal
